// !$*UTF8*$!
{
	archiveVersion = 1;
	classes = {
	};
	objectVersion = 55;
	objects = {

/* Begin PBXBuildFile section */
		1206E9A728042A1C0096C29C /* Facility480App.swift in Sources */ = {isa = PBXBuildFile; fileRef = 1206E9A628042A1C0096C29C /* Facility480App.swift */; };
		1206E9A928042A1C0096C29C /* ContentView.swift in Sources */ = {isa = PBXBuildFile; fileRef = 1206E9A828042A1C0096C29C /* ContentView.swift */; };
		1206E9AB28042A230096C29C /* Assets.xcassets in Resources */ = {isa = PBXBuildFile; fileRef = 1206E9AA28042A230096C29C /* Assets.xcassets */; };
		1206E9AE28042A230096C29C /* Preview Assets.xcassets in Resources */ = {isa = PBXBuildFile; fileRef = 1206E9AD28042A230096C29C /* Preview Assets.xcassets */; };
		1295F6202810050900B37F0D /* LoginViewModel.swift in Sources */ = {isa = PBXBuildFile; fileRef = 1295F61F2810050900B37F0D /* LoginViewModel.swift */; };
		1295F62328100C6200B37F0D /* HomeView.swift in Sources */ = {isa = PBXBuildFile; fileRef = 1295F62228100C6200B37F0D /* HomeView.swift */; };
		129804CE28204D750073C7F5 /* MyReservationsView.swift in Sources */ = {isa = PBXBuildFile; fileRef = 129804CD28204D750073C7F5 /* MyReservationsView.swift */; };
		129804D028204D8E0073C7F5 /* MyReservationsViewModel.swift in Sources */ = {isa = PBXBuildFile; fileRef = 129804CF28204D8E0073C7F5 /* MyReservationsViewModel.swift */; };
		12992BA92821341100F796D5 /* MyReservationsTopBarView.swift in Sources */ = {isa = PBXBuildFile; fileRef = 12992BA82821341100F796D5 /* MyReservationsTopBarView.swift */; };
		129FB043281697A900CAF6DB /* HomeViewModel.swift in Sources */ = {isa = PBXBuildFile; fileRef = 129FB042281697A900CAF6DB /* HomeViewModel.swift */; };
		12A1502328252D2A008B453E /* Reservation.swift in Sources */ = {isa = PBXBuildFile; fileRef = 12A1502228252D2A008B453E /* Reservation.swift */; };
		12A6D6752823D0E30029E0B4 /* MyReservationsTab-Current.swift in Sources */ = {isa = PBXBuildFile; fileRef = 12A6D6742823D0E30029E0B4 /* MyReservationsTab-Current.swift */; };
		12A6D6772823D10E0029E0B4 /* MyReservationsTab-History.swift in Sources */ = {isa = PBXBuildFile; fileRef = 12A6D6762823D10E0029E0B4 /* MyReservationsTab-History.swift */; };
		12A6D67A2823D4FC0029E0B4 /* ReservationItemButton.swift in Sources */ = {isa = PBXBuildFile; fileRef = 12A6D6792823D4FC0029E0B4 /* ReservationItemButton.swift */; };
		12A6D67E2823E0670029E0B4 /* ReservationDetailsView.swift in Sources */ = {isa = PBXBuildFile; fileRef = 12A6D67D2823E0670029E0B4 /* ReservationDetailsView.swift */; };
		12B442EB282A723C00AB5BF6 /* EnvironmentView.swift in Sources */ = {isa = PBXBuildFile; fileRef = 12B442EA282A723C00AB5BF6 /* EnvironmentView.swift */; };
		12BA6B45281958CF00D44482 /* ReservationItemImage.swift in Sources */ = {isa = PBXBuildFile; fileRef = 12BA6B44281958CF00D44482 /* ReservationItemImage.swift */; };
		12BA6B4728195E5200D44482 /* ReservationItem.swift in Sources */ = {isa = PBXBuildFile; fileRef = 12BA6B4628195E5200D44482 /* ReservationItem.swift */; };
		12C3A5B1280439F1002EBEF3 /* LoginView.swift in Sources */ = {isa = PBXBuildFile; fileRef = 12C3A5B0280439F1002EBEF3 /* LoginView.swift */; };
		F605EA986C76F1C7E3EC4360 /* Pods_Facility480.framework in Frameworks */ = {isa = PBXBuildFile; fileRef = 5CF7370D7084BA0F969C75CE /* Pods_Facility480.framework */; };
/* End PBXBuildFile section */

/* Begin PBXFileReference section */
		1206E9A328042A1C0096C29C /* Facility480.app */ = {isa = PBXFileReference; explicitFileType = wrapper.application; includeInIndex = 0; path = Facility480.app; sourceTree = BUILT_PRODUCTS_DIR; };
		1206E9A628042A1C0096C29C /* Facility480App.swift */ = {isa = PBXFileReference; lastKnownFileType = sourcecode.swift; path = Facility480App.swift; sourceTree = "<group>"; };
		1206E9A828042A1C0096C29C /* ContentView.swift */ = {isa = PBXFileReference; lastKnownFileType = sourcecode.swift; path = ContentView.swift; sourceTree = "<group>"; };
		1206E9AA28042A230096C29C /* Assets.xcassets */ = {isa = PBXFileReference; lastKnownFileType = folder.assetcatalog; path = Assets.xcassets; sourceTree = "<group>"; };
		1206E9AD28042A230096C29C /* Preview Assets.xcassets */ = {isa = PBXFileReference; lastKnownFileType = folder.assetcatalog; path = "Preview Assets.xcassets"; sourceTree = "<group>"; };
		1295F61F2810050900B37F0D /* LoginViewModel.swift */ = {isa = PBXFileReference; lastKnownFileType = sourcecode.swift; path = LoginViewModel.swift; sourceTree = "<group>"; };
		1295F62228100C6200B37F0D /* HomeView.swift */ = {isa = PBXFileReference; lastKnownFileType = sourcecode.swift; path = HomeView.swift; sourceTree = "<group>"; };
		129804CD28204D750073C7F5 /* MyReservationsView.swift */ = {isa = PBXFileReference; lastKnownFileType = sourcecode.swift; path = MyReservationsView.swift; sourceTree = "<group>"; };
		129804CF28204D8E0073C7F5 /* MyReservationsViewModel.swift */ = {isa = PBXFileReference; lastKnownFileType = sourcecode.swift; path = MyReservationsViewModel.swift; sourceTree = "<group>"; };
		12992BA82821341100F796D5 /* MyReservationsTopBarView.swift */ = {isa = PBXFileReference; lastKnownFileType = sourcecode.swift; path = MyReservationsTopBarView.swift; sourceTree = "<group>"; };
		129FB042281697A900CAF6DB /* HomeViewModel.swift */ = {isa = PBXFileReference; lastKnownFileType = sourcecode.swift; path = HomeViewModel.swift; sourceTree = "<group>"; };
		12A1502228252D2A008B453E /* Reservation.swift */ = {isa = PBXFileReference; lastKnownFileType = sourcecode.swift; path = Reservation.swift; sourceTree = "<group>"; };
		12A6D6742823D0E30029E0B4 /* MyReservationsTab-Current.swift */ = {isa = PBXFileReference; lastKnownFileType = sourcecode.swift; path = "MyReservationsTab-Current.swift"; sourceTree = "<group>"; };
		12A6D6762823D10E0029E0B4 /* MyReservationsTab-History.swift */ = {isa = PBXFileReference; lastKnownFileType = sourcecode.swift; path = "MyReservationsTab-History.swift"; sourceTree = "<group>"; };
		12A6D6792823D4FC0029E0B4 /* ReservationItemButton.swift */ = {isa = PBXFileReference; lastKnownFileType = sourcecode.swift; path = ReservationItemButton.swift; sourceTree = "<group>"; };
		12A6D67D2823E0670029E0B4 /* ReservationDetailsView.swift */ = {isa = PBXFileReference; lastKnownFileType = sourcecode.swift; path = ReservationDetailsView.swift; sourceTree = "<group>"; };
		12B442EA282A723C00AB5BF6 /* EnvironmentView.swift */ = {isa = PBXFileReference; lastKnownFileType = sourcecode.swift; path = EnvironmentView.swift; sourceTree = "<group>"; };
		12BA6B44281958CF00D44482 /* ReservationItemImage.swift */ = {isa = PBXFileReference; lastKnownFileType = sourcecode.swift; path = ReservationItemImage.swift; sourceTree = "<group>"; };
		12BA6B4628195E5200D44482 /* ReservationItem.swift */ = {isa = PBXFileReference; lastKnownFileType = sourcecode.swift; path = ReservationItem.swift; sourceTree = "<group>"; };
		12C3A5B0280439F1002EBEF3 /* LoginView.swift */ = {isa = PBXFileReference; lastKnownFileType = sourcecode.swift; path = LoginView.swift; sourceTree = "<group>"; };
		29237BDEE09DFCCDD85AFE52 /* Pods-Facility480.release.xcconfig */ = {isa = PBXFileReference; includeInIndex = 1; lastKnownFileType = text.xcconfig; name = "Pods-Facility480.release.xcconfig"; path = "Target Support Files/Pods-Facility480/Pods-Facility480.release.xcconfig"; sourceTree = "<group>"; };
		3C1456A69F429263F8C617AE /* Pods-Facility480.debug.xcconfig */ = {isa = PBXFileReference; includeInIndex = 1; lastKnownFileType = text.xcconfig; name = "Pods-Facility480.debug.xcconfig"; path = "Target Support Files/Pods-Facility480/Pods-Facility480.debug.xcconfig"; sourceTree = "<group>"; };
		5CF7370D7084BA0F969C75CE /* Pods_Facility480.framework */ = {isa = PBXFileReference; explicitFileType = wrapper.framework; includeInIndex = 0; path = Pods_Facility480.framework; sourceTree = BUILT_PRODUCTS_DIR; };
/* End PBXFileReference section */

/* Begin PBXFrameworksBuildPhase section */
		1206E9A028042A1C0096C29C /* Frameworks */ = {
			isa = PBXFrameworksBuildPhase;
			buildActionMask = 2147483647;
			files = (
				F605EA986C76F1C7E3EC4360 /* Pods_Facility480.framework in Frameworks */,
			);
			runOnlyForDeploymentPostprocessing = 0;
		};
/* End PBXFrameworksBuildPhase section */

/* Begin PBXGroup section */
		1206E99A28042A1B0096C29C = {
			isa = PBXGroup;
			children = (
				1206E9A528042A1C0096C29C /* Facility480 */,
				1206E9A428042A1C0096C29C /* Products */,
				600B76269D6898F83BE37D39 /* Pods */,
				2CAEBC09C10499C2098895E3 /* Frameworks */,
			);
			sourceTree = "<group>";
		};
		1206E9A428042A1C0096C29C /* Products */ = {
			isa = PBXGroup;
			children = (
				1206E9A328042A1C0096C29C /* Facility480.app */,
			);
			name = Products;
			sourceTree = "<group>";
		};
		1206E9A528042A1C0096C29C /* Facility480 */ = {
			isa = PBXGroup;
			children = (
				12B442E5282A700600AB5BF6 /* Domain */,
				12C3A5AF280439B1002EBEF3 /* UI */,
				1206E9A828042A1C0096C29C /* ContentView.swift */,
				1206E9A628042A1C0096C29C /* Facility480App.swift */,
				1206E9AA28042A230096C29C /* Assets.xcassets */,
				1206E9AC28042A230096C29C /* Preview Content */,
			);
			path = Facility480;
			sourceTree = "<group>";
		};
		1206E9AC28042A230096C29C /* Preview Content */ = {
			isa = PBXGroup;
			children = (
				1206E9AD28042A230096C29C /* Preview Assets.xcassets */,
			);
			path = "Preview Content";
			sourceTree = "<group>";
		};
		1295F61E281004E500B37F0D /* Login */ = {
			isa = PBXGroup;
			children = (
				12C3A5B0280439F1002EBEF3 /* LoginView.swift */,
				1295F61F2810050900B37F0D /* LoginViewModel.swift */,
			);
			path = Login;
			sourceTree = "<group>";
		};
		1295F62128100C5300B37F0D /* Home */ = {
			isa = PBXGroup;
			children = (
				1295F62228100C6200B37F0D /* HomeView.swift */,
				129FB042281697A900CAF6DB /* HomeViewModel.swift */,
				12A6D6782823D4DA0029E0B4 /* Components */,
			);
			path = Home;
			sourceTree = "<group>";
		};
		129804CC28204D370073C7F5 /* MyReservations */ = {
			isa = PBXGroup;
			children = (
				129804CD28204D750073C7F5 /* MyReservationsView.swift */,
				129804CF28204D8E0073C7F5 /* MyReservationsViewModel.swift */,
				12A6D6712823AF100029E0B4 /* MyReservationsTabs */,
				12992BA72821244800F796D5 /* Components */,
			);
			path = MyReservations;
			sourceTree = "<group>";
		};
		12992BA72821244800F796D5 /* Components */ = {
			isa = PBXGroup;
			children = (
				12992BA82821341100F796D5 /* MyReservationsTopBarView.swift */,
			);
			path = Components;
			sourceTree = "<group>";
		};
		12A1502128252D18008B453E /* Models */ = {
			isa = PBXGroup;
			children = (
				12A1502228252D2A008B453E /* Reservation.swift */,
			);
			path = Models;
			sourceTree = "<group>";
		};
		12A6D6712823AF100029E0B4 /* MyReservationsTabs */ = {
			isa = PBXGroup;
			children = (
				12A6D6742823D0E30029E0B4 /* MyReservationsTab-Current.swift */,
				12A6D6762823D10E0029E0B4 /* MyReservationsTab-History.swift */,
			);
			path = MyReservationsTabs;
			sourceTree = "<group>";
		};
		12A6D6782823D4DA0029E0B4 /* Components */ = {
			isa = PBXGroup;
			children = (
				12A6D6792823D4FC0029E0B4 /* ReservationItemButton.swift */,
			);
			path = Components;
			sourceTree = "<group>";
		};
		12A6D67B2823E0390029E0B4 /* ReservationDetailsView */ = {
			isa = PBXGroup;
			children = (
				12A6D67D2823E0670029E0B4 /* ReservationDetailsView.swift */,
			);
			path = ReservationDetailsView;
			sourceTree = "<group>";
		};
		12A6D67F2823E5E90029E0B4 /* ReservationItem */ = {
			isa = PBXGroup;
			children = (
				12BA6B44281958CF00D44482 /* ReservationItemImage.swift */,
				12BA6B4628195E5200D44482 /* ReservationItem.swift */,
			);
			path = ReservationItem;
			sourceTree = "<group>";
		};
		12B442E5282A700600AB5BF6 /* Domain */ = {
			isa = PBXGroup;
			children = (
				12B442E6282A701900AB5BF6 /* Repositories */,
				12B442E8282A703D00AB5BF6 /* DataSources */,
				12B442E7282A702200AB5BF6 /* UseCases */,
				12A1502128252D18008B453E /* Models */,
			);
			path = Domain;
			sourceTree = "<group>";
		};
		12B442E6282A701900AB5BF6 /* Repositories */ = {
			isa = PBXGroup;
			children = (
			);
			path = Repositories;
			sourceTree = "<group>";
		};
		12B442E7282A702200AB5BF6 /* UseCases */ = {
			isa = PBXGroup;
			children = (
			);
			path = UseCases;
			sourceTree = "<group>";
		};
		12B442E8282A703D00AB5BF6 /* DataSources */ = {
			isa = PBXGroup;
			children = (
			);
			path = DataSources;
			sourceTree = "<group>";
		};
		12B442E9282A720100AB5BF6 /* Environment */ = {
			isa = PBXGroup;
			children = (
				12B442EA282A723C00AB5BF6 /* EnvironmentView.swift */,
				12B442EC282A7D5500AB5BF6 /* Components */,
			);
			path = Environment;
			sourceTree = "<group>";
		};
		12B442EC282A7D5500AB5BF6 /* Components */ = {
			isa = PBXGroup;
			children = (
			);
			path = Components;
			sourceTree = "<group>";
		};
		12BA6B432819585A00D44482 /* Components */ = {
			isa = PBXGroup;
			children = (
				12A6D67F2823E5E90029E0B4 /* ReservationItem */,
			);
			path = Components;
			sourceTree = "<group>";
		};
		12C3A5AF280439B1002EBEF3 /* UI */ = {
			isa = PBXGroup;
			children = (
				12B442E9282A720100AB5BF6 /* Environment */,
				1295F61E281004E500B37F0D /* Login */,
				1295F62128100C5300B37F0D /* Home */,
				129804CC28204D370073C7F5 /* MyReservations */,
				12A6D67B2823E0390029E0B4 /* ReservationDetailsView */,
				12BA6B432819585A00D44482 /* Components */,
			);
			path = UI;
			sourceTree = "<group>";
		};
		2CAEBC09C10499C2098895E3 /* Frameworks */ = {
			isa = PBXGroup;
			children = (
				5CF7370D7084BA0F969C75CE /* Pods_Facility480.framework */,
			);
			name = Frameworks;
			sourceTree = "<group>";
		};
		600B76269D6898F83BE37D39 /* Pods */ = {
			isa = PBXGroup;
			children = (
				3C1456A69F429263F8C617AE /* Pods-Facility480.debug.xcconfig */,
				29237BDEE09DFCCDD85AFE52 /* Pods-Facility480.release.xcconfig */,
			);
			path = Pods;
			sourceTree = "<group>";
		};
/* End PBXGroup section */

/* Begin PBXNativeTarget section */
		1206E9A228042A1C0096C29C /* Facility480 */ = {
			isa = PBXNativeTarget;
			buildConfigurationList = 1206E9B128042A230096C29C /* Build configuration list for PBXNativeTarget "Facility480" */;
			buildPhases = (
				B6024993C1C684507CB52F34 /* [CP] Check Pods Manifest.lock */,
				1206E99F28042A1C0096C29C /* Sources */,
				1206E9A028042A1C0096C29C /* Frameworks */,
				1206E9A128042A1C0096C29C /* Resources */,
				98ECB67E3494C7784313F12F /* [CP] Embed Pods Frameworks */,
			);
			buildRules = (
			);
			dependencies = (
			);
			name = Facility480;
			productName = Facility480;
			productReference = 1206E9A328042A1C0096C29C /* Facility480.app */;
			productType = "com.apple.product-type.application";
		};
/* End PBXNativeTarget section */

/* Begin PBXProject section */
		1206E99B28042A1B0096C29C /* Project object */ = {
			isa = PBXProject;
			attributes = {
				BuildIndependentTargetsInParallel = 1;
				LastSwiftUpdateCheck = 1330;
				LastUpgradeCheck = 1330;
				TargetAttributes = {
					1206E9A228042A1C0096C29C = {
						CreatedOnToolsVersion = 13.3;
					};
				};
			};
			buildConfigurationList = 1206E99E28042A1B0096C29C /* Build configuration list for PBXProject "Facility480" */;
			compatibilityVersion = "Xcode 13.0";
			developmentRegion = en;
			hasScannedForEncodings = 0;
			knownRegions = (
				en,
				Base,
			);
			mainGroup = 1206E99A28042A1B0096C29C;
			productRefGroup = 1206E9A428042A1C0096C29C /* Products */;
			projectDirPath = "";
			projectRoot = "";
			targets = (
				1206E9A228042A1C0096C29C /* Facility480 */,
			);
		};
/* End PBXProject section */

/* Begin PBXResourcesBuildPhase section */
		1206E9A128042A1C0096C29C /* Resources */ = {
			isa = PBXResourcesBuildPhase;
			buildActionMask = 2147483647;
			files = (
				1206E9AE28042A230096C29C /* Preview Assets.xcassets in Resources */,
				1206E9AB28042A230096C29C /* Assets.xcassets in Resources */,
			);
			runOnlyForDeploymentPostprocessing = 0;
		};
/* End PBXResourcesBuildPhase section */

/* Begin PBXShellScriptBuildPhase section */
		98ECB67E3494C7784313F12F /* [CP] Embed Pods Frameworks */ = {
			isa = PBXShellScriptBuildPhase;
			buildActionMask = 2147483647;
			files = (
			);
			inputFileListPaths = (
				"${PODS_ROOT}/Target Support Files/Pods-Facility480/Pods-Facility480-frameworks-${CONFIGURATION}-input-files.xcfilelist",
			);
			name = "[CP] Embed Pods Frameworks";
			outputFileListPaths = (
				"${PODS_ROOT}/Target Support Files/Pods-Facility480/Pods-Facility480-frameworks-${CONFIGURATION}-output-files.xcfilelist",
			);
			runOnlyForDeploymentPostprocessing = 0;
			shellPath = /bin/sh;
			shellScript = "\"${PODS_ROOT}/Target Support Files/Pods-Facility480/Pods-Facility480-frameworks.sh\"\n";
			showEnvVarsInLog = 0;
		};
		B6024993C1C684507CB52F34 /* [CP] Check Pods Manifest.lock */ = {
			isa = PBXShellScriptBuildPhase;
			buildActionMask = 2147483647;
			files = (
			);
			inputFileListPaths = (
			);
			inputPaths = (
				"${PODS_PODFILE_DIR_PATH}/Podfile.lock",
				"${PODS_ROOT}/Manifest.lock",
			);
			name = "[CP] Check Pods Manifest.lock";
			outputFileListPaths = (
			);
			outputPaths = (
				"$(DERIVED_FILE_DIR)/Pods-Facility480-checkManifestLockResult.txt",
			);
			runOnlyForDeploymentPostprocessing = 0;
			shellPath = /bin/sh;
			shellScript = "diff \"${PODS_PODFILE_DIR_PATH}/Podfile.lock\" \"${PODS_ROOT}/Manifest.lock\" > /dev/null\nif [ $? != 0 ] ; then\n    # print error to STDERR\n    echo \"error: The sandbox is not in sync with the Podfile.lock. Run 'pod install' or update your CocoaPods installation.\" >&2\n    exit 1\nfi\n# This output is used by Xcode 'outputs' to avoid re-running this script phase.\necho \"SUCCESS\" > \"${SCRIPT_OUTPUT_FILE_0}\"\n";
			showEnvVarsInLog = 0;
		};
/* End PBXShellScriptBuildPhase section */

/* Begin PBXSourcesBuildPhase section */
		1206E99F28042A1C0096C29C /* Sources */ = {
			isa = PBXSourcesBuildPhase;
			buildActionMask = 2147483647;
			files = (
				12C3A5B1280439F1002EBEF3 /* LoginView.swift in Sources */,
				12A6D67A2823D4FC0029E0B4 /* ReservationItemButton.swift in Sources */,
				12BA6B4728195E5200D44482 /* ReservationItem.swift in Sources */,
				1295F6202810050900B37F0D /* LoginViewModel.swift in Sources */,
				12B442EB282A723C00AB5BF6 /* EnvironmentView.swift in Sources */,
				129FB043281697A900CAF6DB /* HomeViewModel.swift in Sources */,
				129804D028204D8E0073C7F5 /* MyReservationsViewModel.swift in Sources */,
				1206E9A928042A1C0096C29C /* ContentView.swift in Sources */,
				1295F62328100C6200B37F0D /* HomeView.swift in Sources */,
				129804CE28204D750073C7F5 /* MyReservationsView.swift in Sources */,
				12A6D6752823D0E30029E0B4 /* MyReservationsTab-Current.swift in Sources */,
				12992BA92821341100F796D5 /* MyReservationsTopBarView.swift in Sources */,
				12A6D67E2823E0670029E0B4 /* ReservationDetailsView.swift in Sources */,
				12BA6B45281958CF00D44482 /* ReservationItemImage.swift in Sources */,
				12A6D6772823D10E0029E0B4 /* MyReservationsTab-History.swift in Sources */,
				12A1502328252D2A008B453E /* Reservation.swift in Sources */,
				1206E9A728042A1C0096C29C /* Facility480App.swift in Sources */,
			);
			runOnlyForDeploymentPostprocessing = 0;
		};
/* End PBXSourcesBuildPhase section */

/* Begin XCBuildConfiguration section */
		1206E9AF28042A230096C29C /* Debug */ = {
			isa = XCBuildConfiguration;
			buildSettings = {
				ALWAYS_SEARCH_USER_PATHS = NO;
				CLANG_ANALYZER_NONNULL = YES;
				CLANG_ANALYZER_NUMBER_OBJECT_CONVERSION = YES_AGGRESSIVE;
				CLANG_CXX_LANGUAGE_STANDARD = "gnu++17";
				CLANG_ENABLE_MODULES = YES;
				CLANG_ENABLE_OBJC_ARC = YES;
				CLANG_ENABLE_OBJC_WEAK = YES;
				CLANG_WARN_BLOCK_CAPTURE_AUTORELEASING = YES;
				CLANG_WARN_BOOL_CONVERSION = YES;
				CLANG_WARN_COMMA = YES;
				CLANG_WARN_CONSTANT_CONVERSION = YES;
				CLANG_WARN_DEPRECATED_OBJC_IMPLEMENTATIONS = YES;
				CLANG_WARN_DIRECT_OBJC_ISA_USAGE = YES_ERROR;
				CLANG_WARN_DOCUMENTATION_COMMENTS = YES;
				CLANG_WARN_EMPTY_BODY = YES;
				CLANG_WARN_ENUM_CONVERSION = YES;
				CLANG_WARN_INFINITE_RECURSION = YES;
				CLANG_WARN_INT_CONVERSION = YES;
				CLANG_WARN_NON_LITERAL_NULL_CONVERSION = YES;
				CLANG_WARN_OBJC_IMPLICIT_RETAIN_SELF = YES;
				CLANG_WARN_OBJC_LITERAL_CONVERSION = YES;
				CLANG_WARN_OBJC_ROOT_CLASS = YES_ERROR;
				CLANG_WARN_QUOTED_INCLUDE_IN_FRAMEWORK_HEADER = YES;
				CLANG_WARN_RANGE_LOOP_ANALYSIS = YES;
				CLANG_WARN_STRICT_PROTOTYPES = YES;
				CLANG_WARN_SUSPICIOUS_MOVE = YES;
				CLANG_WARN_UNGUARDED_AVAILABILITY = YES_AGGRESSIVE;
				CLANG_WARN_UNREACHABLE_CODE = YES;
				CLANG_WARN__DUPLICATE_METHOD_MATCH = YES;
				COPY_PHASE_STRIP = NO;
				DEBUG_INFORMATION_FORMAT = dwarf;
				ENABLE_STRICT_OBJC_MSGSEND = YES;
				ENABLE_TESTABILITY = YES;
				GCC_C_LANGUAGE_STANDARD = gnu11;
				GCC_DYNAMIC_NO_PIC = NO;
				GCC_NO_COMMON_BLOCKS = YES;
				GCC_OPTIMIZATION_LEVEL = 0;
				GCC_PREPROCESSOR_DEFINITIONS = (
					"DEBUG=1",
					"$(inherited)",
				);
				GCC_WARN_64_TO_32_BIT_CONVERSION = YES;
				GCC_WARN_ABOUT_RETURN_TYPE = YES_ERROR;
				GCC_WARN_UNDECLARED_SELECTOR = YES;
				GCC_WARN_UNINITIALIZED_AUTOS = YES_AGGRESSIVE;
				GCC_WARN_UNUSED_FUNCTION = YES;
				GCC_WARN_UNUSED_VARIABLE = YES;
				IPHONEOS_DEPLOYMENT_TARGET = 15.4;
				MTL_ENABLE_DEBUG_INFO = INCLUDE_SOURCE;
				MTL_FAST_MATH = YES;
				ONLY_ACTIVE_ARCH = YES;
				SDKROOT = iphoneos;
				SWIFT_ACTIVE_COMPILATION_CONDITIONS = DEBUG;
				SWIFT_OPTIMIZATION_LEVEL = "-Onone";
			};
			name = Debug;
		};
		1206E9B028042A230096C29C /* Release */ = {
			isa = XCBuildConfiguration;
			buildSettings = {
				ALWAYS_SEARCH_USER_PATHS = NO;
				CLANG_ANALYZER_NONNULL = YES;
				CLANG_ANALYZER_NUMBER_OBJECT_CONVERSION = YES_AGGRESSIVE;
				CLANG_CXX_LANGUAGE_STANDARD = "gnu++17";
				CLANG_ENABLE_MODULES = YES;
				CLANG_ENABLE_OBJC_ARC = YES;
				CLANG_ENABLE_OBJC_WEAK = YES;
				CLANG_WARN_BLOCK_CAPTURE_AUTORELEASING = YES;
				CLANG_WARN_BOOL_CONVERSION = YES;
				CLANG_WARN_COMMA = YES;
				CLANG_WARN_CONSTANT_CONVERSION = YES;
				CLANG_WARN_DEPRECATED_OBJC_IMPLEMENTATIONS = YES;
				CLANG_WARN_DIRECT_OBJC_ISA_USAGE = YES_ERROR;
				CLANG_WARN_DOCUMENTATION_COMMENTS = YES;
				CLANG_WARN_EMPTY_BODY = YES;
				CLANG_WARN_ENUM_CONVERSION = YES;
				CLANG_WARN_INFINITE_RECURSION = YES;
				CLANG_WARN_INT_CONVERSION = YES;
				CLANG_WARN_NON_LITERAL_NULL_CONVERSION = YES;
				CLANG_WARN_OBJC_IMPLICIT_RETAIN_SELF = YES;
				CLANG_WARN_OBJC_LITERAL_CONVERSION = YES;
				CLANG_WARN_OBJC_ROOT_CLASS = YES_ERROR;
				CLANG_WARN_QUOTED_INCLUDE_IN_FRAMEWORK_HEADER = YES;
				CLANG_WARN_RANGE_LOOP_ANALYSIS = YES;
				CLANG_WARN_STRICT_PROTOTYPES = YES;
				CLANG_WARN_SUSPICIOUS_MOVE = YES;
				CLANG_WARN_UNGUARDED_AVAILABILITY = YES_AGGRESSIVE;
				CLANG_WARN_UNREACHABLE_CODE = YES;
				CLANG_WARN__DUPLICATE_METHOD_MATCH = YES;
				COPY_PHASE_STRIP = NO;
				DEBUG_INFORMATION_FORMAT = "dwarf-with-dsym";
				ENABLE_NS_ASSERTIONS = NO;
				ENABLE_STRICT_OBJC_MSGSEND = YES;
				GCC_C_LANGUAGE_STANDARD = gnu11;
				GCC_NO_COMMON_BLOCKS = YES;
				GCC_WARN_64_TO_32_BIT_CONVERSION = YES;
				GCC_WARN_ABOUT_RETURN_TYPE = YES_ERROR;
				GCC_WARN_UNDECLARED_SELECTOR = YES;
				GCC_WARN_UNINITIALIZED_AUTOS = YES_AGGRESSIVE;
				GCC_WARN_UNUSED_FUNCTION = YES;
				GCC_WARN_UNUSED_VARIABLE = YES;
				IPHONEOS_DEPLOYMENT_TARGET = 15.4;
				MTL_ENABLE_DEBUG_INFO = NO;
				MTL_FAST_MATH = YES;
				SDKROOT = iphoneos;
				SWIFT_COMPILATION_MODE = wholemodule;
				SWIFT_OPTIMIZATION_LEVEL = "-O";
				VALIDATE_PRODUCT = YES;
			};
			name = Release;
		};
		1206E9B228042A230096C29C /* Debug */ = {
			isa = XCBuildConfiguration;
			baseConfigurationReference = 3C1456A69F429263F8C617AE /* Pods-Facility480.debug.xcconfig */;
			buildSettings = {
				ASSETCATALOG_COMPILER_APPICON_NAME = AppIcon;
				ASSETCATALOG_COMPILER_GLOBAL_ACCENT_COLOR_NAME = AccentColor;
				CODE_SIGN_STYLE = Automatic;
				CURRENT_PROJECT_VERSION = 1;
				DEVELOPMENT_ASSET_PATHS = "\"Facility480/Preview Content\"";
				ENABLE_PREVIEWS = YES;
				GENERATE_INFOPLIST_FILE = YES;
				INFOPLIST_KEY_UIApplicationSceneManifest_Generation = YES;
				INFOPLIST_KEY_UIApplicationSupportsIndirectInputEvents = YES;
				INFOPLIST_KEY_UILaunchScreen_Generation = YES;
				INFOPLIST_KEY_UISupportedInterfaceOrientations_iPad = "UIInterfaceOrientationPortrait UIInterfaceOrientationPortraitUpsideDown UIInterfaceOrientationLandscapeLeft UIInterfaceOrientationLandscapeRight";
				INFOPLIST_KEY_UISupportedInterfaceOrientations_iPhone = "UIInterfaceOrientationPortrait UIInterfaceOrientationLandscapeLeft UIInterfaceOrientationLandscapeRight";
				LD_RUNPATH_SEARCH_PATHS = (
					"$(inherited)",
					"@executable_path/Frameworks",
				);
				MARKETING_VERSION = 1.0;
				PRODUCT_BUNDLE_IDENTIFIER = Cuatroochenta.Facility480;
				PRODUCT_NAME = "$(TARGET_NAME)";
				SWIFT_EMIT_LOC_STRINGS = YES;
				SWIFT_VERSION = 5.0;
				TARGETED_DEVICE_FAMILY = "1,2";
			};
			name = Debug;
		};
		1206E9B328042A230096C29C /* Release */ = {
			isa = XCBuildConfiguration;
			baseConfigurationReference = 29237BDEE09DFCCDD85AFE52 /* Pods-Facility480.release.xcconfig */;
			buildSettings = {
				ASSETCATALOG_COMPILER_APPICON_NAME = AppIcon;
				ASSETCATALOG_COMPILER_GLOBAL_ACCENT_COLOR_NAME = AccentColor;
				CODE_SIGN_STYLE = Automatic;
				CURRENT_PROJECT_VERSION = 1;
				DEVELOPMENT_ASSET_PATHS = "\"Facility480/Preview Content\"";
				ENABLE_PREVIEWS = YES;
				GENERATE_INFOPLIST_FILE = YES;
				INFOPLIST_KEY_UIApplicationSceneManifest_Generation = YES;
				INFOPLIST_KEY_UIApplicationSupportsIndirectInputEvents = YES;
				INFOPLIST_KEY_UILaunchScreen_Generation = YES;
				INFOPLIST_KEY_UISupportedInterfaceOrientations_iPad = "UIInterfaceOrientationPortrait UIInterfaceOrientationPortraitUpsideDown UIInterfaceOrientationLandscapeLeft UIInterfaceOrientationLandscapeRight";
				INFOPLIST_KEY_UISupportedInterfaceOrientations_iPhone = "UIInterfaceOrientationPortrait UIInterfaceOrientationLandscapeLeft UIInterfaceOrientationLandscapeRight";
				LD_RUNPATH_SEARCH_PATHS = (
					"$(inherited)",
					"@executable_path/Frameworks",
				);
				MARKETING_VERSION = 1.0;
				PRODUCT_BUNDLE_IDENTIFIER = Cuatroochenta.Facility480;
				PRODUCT_NAME = "$(TARGET_NAME)";
				SWIFT_EMIT_LOC_STRINGS = YES;
				SWIFT_VERSION = 5.0;
				TARGETED_DEVICE_FAMILY = "1,2";
			};
			name = Release;
		};
/* End XCBuildConfiguration section */

/* Begin XCConfigurationList section */
		1206E99E28042A1B0096C29C /* Build configuration list for PBXProject "Facility480" */ = {
			isa = XCConfigurationList;
			buildConfigurations = (
				1206E9AF28042A230096C29C /* Debug */,
				1206E9B028042A230096C29C /* Release */,
			);
			defaultConfigurationIsVisible = 0;
			defaultConfigurationName = Release;
		};
		1206E9B128042A230096C29C /* Build configuration list for PBXNativeTarget "Facility480" */ = {
			isa = XCConfigurationList;
			buildConfigurations = (
				1206E9B228042A230096C29C /* Debug */,
				1206E9B328042A230096C29C /* Release */,
			);
			defaultConfigurationIsVisible = 0;
			defaultConfigurationName = Release;
		};
/* End XCConfigurationList section */
	};
	rootObject = 1206E99B28042A1B0096C29C /* Project object */;
}
